
Microsoft Visual Studio Solution File, Format Version 12.00
# Visual Studio 15
VisualStudioVersion = 15.0.26730.16
MinimumVisualStudioVersion = 10.0.40219.1
Project("{8BC9CEB8-8B4A-11D0-8D11-00A0C91BC942}") = "CubicGoogleTest2", "CubicGoogleTest2\CubicGoogleTest2.vcxproj", "{BD003D23-7472-4AD9-A1C4-5C5FB7A7F3A6}"
EndProject
Project("{8BC9CEB8-8B4A-11D0-8D11-00A0C91BC942}") = "GoogleTest", "GoogleTest\GoogleTest.vcxproj", "{1AA83B0C-6A68-47AC-831E-7F96CF06B905}"
EndProject
Project("{8BC9CEB8-8B4A-11D0-8D11-00A0C91BC942}") = "UnitTest_CubicGoogleTest2", "UnitTest_CubicGoogleTest2\UnitTest_CubicGoogleTest2.vcxproj", "{DE8DCA93-504C-40E8-BD6A-1A22E8159DB8}"
EndProject
Global
	GlobalSection(SolutionConfigurationPlatforms) = preSolution
		Debug|x64 = Debug|x64
		Debug|x86 = Debug|x86
		Release|x64 = Release|x64
		Release|x86 = Release|x86
	EndGlobalSection
	GlobalSection(ProjectConfigurationPlatforms) = postSolution
		{BD003D23-7472-4AD9-A1C4-5C5FB7A7F3A6}.Debug|x64.ActiveCfg = Debug|x64
		{BD003D23-7472-4AD9-A1C4-5C5FB7A7F3A6}.Debug|x64.Build.0 = Debug|x64
		{BD003D23-7472-4AD9-A1C4-5C5FB7A7F3A6}.Debug|x86.ActiveCfg = Debug|Win32
		{BD003D23-7472-4AD9-A1C4-5C5FB7A7F3A6}.Debug|x86.Build.0 = Debug|Win32
		{BD003D23-7472-4AD9-A1C4-5C5FB7A7F3A6}.Release|x64.ActiveCfg = Release|x64
		{BD003D23-7472-4AD9-A1C4-5C5FB7A7F3A6}.Release|x64.Build.0 = Release|x64
		{BD003D23-7472-4AD9-A1C4-5C5FB7A7F3A6}.Release|x86.ActiveCfg = Release|Win32
		{BD003D23-7472-4AD9-A1C4-5C5FB7A7F3A6}.Release|x86.Build.0 = Release|Win32
		{1AA83B0C-6A68-47AC-831E-7F96CF06B905}.Debug|x64.ActiveCfg = Debug|x64
		{1AA83B0C-6A68-47AC-831E-7F96CF06B905}.Debug|x64.Build.0 = Debug|x64
		{1AA83B0C-6A68-47AC-831E-7F96CF06B905}.Debug|x86.ActiveCfg = Debug|Win32
		{1AA83B0C-6A68-47AC-831E-7F96CF06B905}.Debug|x86.Build.0 = Debug|Win32
		{1AA83B0C-6A68-47AC-831E-7F96CF06B905}.Release|x64.ActiveCfg = Release|x64
		{1AA83B0C-6A68-47AC-831E-7F96CF06B905}.Release|x64.Build.0 = Release|x64
		{1AA83B0C-6A68-47AC-831E-7F96CF06B905}.Release|x86.ActiveCfg = Release|Win32
		{1AA83B0C-6A68-47AC-831E-7F96CF06B905}.Release|x86.Build.0 = Release|Win32
		{DE8DCA93-504C-40E8-BD6A-1A22E8159DB8}.Debug|x64.ActiveCfg = Debug|x64
		{DE8DCA93-504C-40E8-BD6A-1A22E8159DB8}.Debug|x64.Build.0 = Debug|x64
		{DE8DCA93-504C-40E8-BD6A-1A22E8159DB8}.Debug|x86.ActiveCfg = Debug|Win32
		{DE8DCA93-504C-40E8-BD6A-1A22E8159DB8}.Debug|x86.Build.0 = Debug|Win32
		{DE8DCA93-504C-40E8-BD6A-1A22E8159DB8}.Release|x64.ActiveCfg = Release|x64
		{DE8DCA93-504C-40E8-BD6A-1A22E8159DB8}.Release|x64.Build.0 = Release|x64
		{DE8DCA93-504C-40E8-BD6A-1A22E8159DB8}.Release|x86.ActiveCfg = Release|Win32
		{DE8DCA93-504C-40E8-BD6A-1A22E8159DB8}.Release|x86.Build.0 = Release|Win32
	EndGlobalSection
	GlobalSection(SolutionProperties) = preSolution
		HideSolutionNode = FALSE
	EndGlobalSection
	GlobalSection(ExtensibilityGlobals) = postSolution
		SolutionGuid = {6AF5475A-4935-44D2-8295-C2F88B43187B}
	EndGlobalSection
EndGlobal
